
Microsoft Visual Studio Solution File, Format Version 12.00
# Visual Studio Version 16
VisualStudioVersion = 16.0.31112.23
MinimumVisualStudioVersion = 10.0.40219.1
Project("{8BC9CEB8-8B4A-11D0-8D11-00A0C91BC942}") = "BlackJackMulti", "BlackJackMulti.vcxproj", "{20E032EE-0F0C-4A0A-A3E2-E433AC717636}"
EndProject
Global
	GlobalSection(SolutionConfigurationPlatforms) = preSolution
		Debug|x64 = Debug|x64
		Debug|x86 = Debug|x86
		Release|x64 = Release|x64
		Release|x86 = Release|x86
	EndGlobalSection
	GlobalSection(ProjectConfigurationPlatforms) = postSolution
		{20E032EE-0F0C-4A0A-A3E2-E433AC717636}.Debug|x64.ActiveCfg = Debug|x64
		{20E032EE-0F0C-4A0A-A3E2-E433AC717636}.Debug|x64.Build.0 = Debug|x64
		{20E032EE-0F0C-4A0A-A3E2-E433AC717636}.Debug|x86.ActiveCfg = Debug|Win32
		{20E032EE-0F0C-4A0A-A3E2-E433AC717636}.Debug|x86.Build.0 = Debug|Win32
		{20E032EE-0F0C-4A0A-A3E2-E433AC717636}.Release|x64.ActiveCfg = Release|x64
		{20E032EE-0F0C-4A0A-A3E2-E433AC717636}.Release|x64.Build.0 = Release|x64
		{20E032EE-0F0C-4A0A-A3E2-E433AC717636}.Release|x86.ActiveCfg = Release|Win32
		{20E032EE-0F0C-4A0A-A3E2-E433AC717636}.Release|x86.Build.0 = Release|Win32
	EndGlobalSection
	GlobalSection(SolutionProperties) = preSolution
		HideSolutionNode = FALSE
	EndGlobalSection
	GlobalSection(ExtensibilityGlobals) = postSolution
		SolutionGuid = {1FC2A8DA-95D1-4197-9068-5B1385C6F4BF}
	EndGlobalSection
EndGlobal
